
Microsoft Visual Studio Solution File, Format Version 12.00
# Visual Studio Version 16
VisualStudioVersion = 16.0.30420.98
MinimumVisualStudioVersion = 10.0.40219.1
Project("{FAE04EC0-301F-11D3-BF4B-00C04F79EFBC}") = "Yoq.MagicProxy", "Yoq.MagicProxy\Yoq.MagicProxy.csproj", "{7208E2FC-4138-4459-8DF3-A1DC6C97A394}"
EndProject
Project("{FAE04EC0-301F-11D3-BF4B-00C04F79EFBC}") = "Yoq.MagicProxy.Test", "Yoq.MagicProxy.Test\Yoq.MagicProxy.Test.csproj", "{87C6DE94-B9DF-4961-9CF6-AE45E1654817}"
EndProject
Global
	GlobalSection(SolutionConfigurationPlatforms) = preSolution
		Debug|Any CPU = Debug|Any CPU
		Release|Any CPU = Release|Any CPU
	EndGlobalSection
	GlobalSection(ProjectConfigurationPlatforms) = postSolution
		{7208E2FC-4138-4459-8DF3-A1DC6C97A394}.Debug|Any CPU.ActiveCfg = Debug|Any CPU
		{7208E2FC-4138-4459-8DF3-A1DC6C97A394}.Debug|Any CPU.Build.0 = Debug|Any CPU
		{7208E2FC-4138-4459-8DF3-A1DC6C97A394}.Release|Any CPU.ActiveCfg = Release|Any CPU
		{7208E2FC-4138-4459-8DF3-A1DC6C97A394}.Release|Any CPU.Build.0 = Release|Any CPU
		{87C6DE94-B9DF-4961-9CF6-AE45E1654817}.Debug|Any CPU.ActiveCfg = Debug|Any CPU
		{87C6DE94-B9DF-4961-9CF6-AE45E1654817}.Debug|Any CPU.Build.0 = Debug|Any CPU
		{87C6DE94-B9DF-4961-9CF6-AE45E1654817}.Release|Any CPU.ActiveCfg = Release|Any CPU
		{87C6DE94-B9DF-4961-9CF6-AE45E1654817}.Release|Any CPU.Build.0 = Release|Any CPU
	EndGlobalSection
	GlobalSection(SolutionProperties) = preSolution
		HideSolutionNode = FALSE
	EndGlobalSection
	GlobalSection(ExtensibilityGlobals) = postSolution
		SolutionGuid = {DD4E4825-B15E-4901-8A19-A201D74ADCB4}
	EndGlobalSection
EndGlobal
